
Microsoft Visual Studio Solution File, Format Version 12.00
# Visual Studio 15
VisualStudioVersion = 15.0.28307.1259
MinimumVisualStudioVersion = 10.0.40219.1
Project("{8BC9CEB8-8B4A-11D0-8D11-00A0C91BC942}") = "ConsoleApplication7", "ConsoleApplication7\ConsoleApplication7.vcxproj", "{7BB8D43C-BDA2-43B4-B24E-FB17556F79AB}"
EndProject
Global
	GlobalSection(SolutionConfigurationPlatforms) = preSolution
		Debug|x64 = Debug|x64
		Debug|x86 = Debug|x86
		Release|x64 = Release|x64
		Release|x86 = Release|x86
	EndGlobalSection
	GlobalSection(ProjectConfigurationPlatforms) = postSolution
		{7BB8D43C-BDA2-43B4-B24E-FB17556F79AB}.Debug|x64.ActiveCfg = Debug|x64
		{7BB8D43C-BDA2-43B4-B24E-FB17556F79AB}.Debug|x64.Build.0 = Debug|x64
		{7BB8D43C-BDA2-43B4-B24E-FB17556F79AB}.Debug|x86.ActiveCfg = Debug|Win32
		{7BB8D43C-BDA2-43B4-B24E-FB17556F79AB}.Debug|x86.Build.0 = Debug|Win32
		{7BB8D43C-BDA2-43B4-B24E-FB17556F79AB}.Release|x64.ActiveCfg = Release|x64
		{7BB8D43C-BDA2-43B4-B24E-FB17556F79AB}.Release|x64.Build.0 = Release|x64
		{7BB8D43C-BDA2-43B4-B24E-FB17556F79AB}.Release|x86.ActiveCfg = Release|Win32
		{7BB8D43C-BDA2-43B4-B24E-FB17556F79AB}.Release|x86.Build.0 = Release|Win32
	EndGlobalSection
	GlobalSection(SolutionProperties) = preSolution
		HideSolutionNode = FALSE
	EndGlobalSection
	GlobalSection(ExtensibilityGlobals) = postSolution
		SolutionGuid = {DF0C8EF9-DC62-4CC4-89BD-8FE2F61C179E}
	EndGlobalSection
EndGlobal
